
Microsoft Visual Studio Solution File, Format Version 12.00
# Visual Studio Version 16
VisualStudioVersion = 16.0.32106.194
MinimumVisualStudioVersion = 10.0.40219.1
Project("{9A19103F-16F7-4668-BE54-9A1E7A4F7556}") = "Avalonia.Markup.Declarative", "Avalonia.Markup.Declarative\Avalonia.Markup.Declarative.csproj", "{5B5C0172-0B35-470A-9A65-4679E6028454}"
EndProject
Project("{9A19103F-16F7-4668-BE54-9A1E7A4F7556}") = "Avalonia.Markup.Declarative.SourceGenerator", "AvaloniaMurkup.Declarative.SourceGenerator\Avalonia.Markup.Declarative.SourceGenerator.csproj", "{F9C9E3AB-EC44-4F36-BADA-ED3575B3A758}"
EndProject
Project("{9A19103F-16F7-4668-BE54-9A1E7A4F7556}") = "AvaloniaExtensionGenerator", "AvaloniaExtensionGenerator\AvaloniaExtensionGenerator.csproj", "{5183B326-2752-4CA5-A233-D9F5B83324DF}"
EndProject
Project("{9A19103F-16F7-4668-BE54-9A1E7A4F7556}") = "AvaloniaMarkupSample", "Samples\AvaloniaMarkupSample\AvaloniaMarkupSample.csproj", "{612D87E7-CF30-4E08-A7C3-AF4482924EBC}"
EndProject
Project("{2150E333-8FDC-42A3-9474-1A3956D46DE8}") = "Samples", "Samples", "{C31B8054-7FF1-47BD-B377-F9D94CEAF7B0}"
EndProject
Project("{9A19103F-16F7-4668-BE54-9A1E7A4F7556}") = "AvaloniaNet472Test", "Samples\AvaloniaNet472Test\AvaloniaNet472Test.csproj", "{84AB07DA-5D39-4D91-BA45-56CE259FDC6B}"
EndProject
Global
	GlobalSection(SolutionConfigurationPlatforms) = preSolution
		Debug|Any CPU = Debug|Any CPU
		Release|Any CPU = Release|Any CPU
	EndGlobalSection
	GlobalSection(ProjectConfigurationPlatforms) = postSolution
		{5B5C0172-0B35-470A-9A65-4679E6028454}.Debug|Any CPU.ActiveCfg = Debug|Any CPU
		{5B5C0172-0B35-470A-9A65-4679E6028454}.Debug|Any CPU.Build.0 = Debug|Any CPU
		{5B5C0172-0B35-470A-9A65-4679E6028454}.Release|Any CPU.ActiveCfg = Release|Any CPU
		{5B5C0172-0B35-470A-9A65-4679E6028454}.Release|Any CPU.Build.0 = Release|Any CPU
		{F9C9E3AB-EC44-4F36-BADA-ED3575B3A758}.Debug|Any CPU.ActiveCfg = Debug|Any CPU
		{F9C9E3AB-EC44-4F36-BADA-ED3575B3A758}.Debug|Any CPU.Build.0 = Debug|Any CPU
		{F9C9E3AB-EC44-4F36-BADA-ED3575B3A758}.Release|Any CPU.ActiveCfg = Release|Any CPU
		{F9C9E3AB-EC44-4F36-BADA-ED3575B3A758}.Release|Any CPU.Build.0 = Release|Any CPU
		{5183B326-2752-4CA5-A233-D9F5B83324DF}.Debug|Any CPU.ActiveCfg = Debug|Any CPU
		{5183B326-2752-4CA5-A233-D9F5B83324DF}.Debug|Any CPU.Build.0 = Debug|Any CPU
		{5183B326-2752-4CA5-A233-D9F5B83324DF}.Release|Any CPU.ActiveCfg = Release|Any CPU
		{5183B326-2752-4CA5-A233-D9F5B83324DF}.Release|Any CPU.Build.0 = Release|Any CPU
		{612D87E7-CF30-4E08-A7C3-AF4482924EBC}.Debug|Any CPU.ActiveCfg = Debug|Any CPU
		{612D87E7-CF30-4E08-A7C3-AF4482924EBC}.Debug|Any CPU.Build.0 = Debug|Any CPU
		{612D87E7-CF30-4E08-A7C3-AF4482924EBC}.Release|Any CPU.ActiveCfg = Release|Any CPU
		{612D87E7-CF30-4E08-A7C3-AF4482924EBC}.Release|Any CPU.Build.0 = Release|Any CPU
		{84AB07DA-5D39-4D91-BA45-56CE259FDC6B}.Debug|Any CPU.ActiveCfg = Debug|Any CPU
		{84AB07DA-5D39-4D91-BA45-56CE259FDC6B}.Debug|Any CPU.Build.0 = Debug|Any CPU
		{84AB07DA-5D39-4D91-BA45-56CE259FDC6B}.Release|Any CPU.ActiveCfg = Release|Any CPU
		{84AB07DA-5D39-4D91-BA45-56CE259FDC6B}.Release|Any CPU.Build.0 = Release|Any CPU
	EndGlobalSection
	GlobalSection(SolutionProperties) = preSolution
		HideSolutionNode = FALSE
	EndGlobalSection
	GlobalSection(NestedProjects) = preSolution
		{612D87E7-CF30-4E08-A7C3-AF4482924EBC} = {C31B8054-7FF1-47BD-B377-F9D94CEAF7B0}
		{84AB07DA-5D39-4D91-BA45-56CE259FDC6B} = {C31B8054-7FF1-47BD-B377-F9D94CEAF7B0}
	EndGlobalSection
	GlobalSection(ExtensibilityGlobals) = postSolution
		SolutionGuid = {A52A1772-62A5-484B-8A6D-09674800867E}
	EndGlobalSection
EndGlobal
